{
  "version": "0.0.0",
  "lockfileVersion": 1,
  "requires": true,
  "dependencies": {
    "@babel/parser": {
      "version": "7.16.4",
      "resolved": "http://admin.npm.oppoer.me/@babel%2fparser/-/parser-7.16.4.tgz",
      "integrity": "sha1-1fkvV88sdP/ps3mBwOcv7nMRNy4="
    },
    "@mediapipe/camera_utils": {
      "version": "0.3.1632432234",
      "resolved": "http://admin.npm.oppoer.me/@mediapipe%2fcamera_utils/-/camera_utils-0.3.1632432234.tgz",
      "integrity": "sha1-YNhZrDR1BuJyn0Ma+4mVsKjKhYk="
    },
    "@mediapipe/control_utils": {
      "version": "0.6.1629159505",
      "resolved": "http://admin.npm.oppoer.me/@mediapipe%2fcontrol_utils/-/control_utils-0.6.1629159505.tgz",
      "integrity": "sha1-WuxRpYGc9gQYSmtqPAr8ZkPcdy8="
    },
    "@mediapipe/drawing_utils": {
      "version": "0.3.1620248257",
      "resolved": "http://admin.npm.oppoer.me/@mediapipe%2fdrawing_utils/-/drawing_utils-0.3.1620248257.tgz",
      "integrity": "sha1-s539I1589SDj452LK6wsXXF6cVg="
    },
    "@mediapipe/face_detection": {
      "version": "0.4.1628005423",
      "resolved": "http://admin.npm.oppoer.me/@mediapipe%2fface_detection/-/face_detection-0.4.1628005423.tgz",
      "integrity": "sha1-CQMrpg+7ctnOixiFYJk7Z6wxHMo="
    },
    "@mediapipe/face_mesh": {
      "version": "0.4.1633559619",
      "resolved": "http://admin.npm.oppoer.me/@mediapipe%2fface_mesh/-/face_mesh-0.4.1633559619.tgz",
      "integrity": "sha1-+RfkRI4lvDdakF0dkQ8bykUMXiM="
    },
    "@originjs/vite-plugin-commonjs": {
      "version": "1.0.1",
      "resolved": "http://admin.npm.oppoer.me/@originjs%2fvite-plugin-commonjs/-/vite-plugin-commonjs-1.0.1.tgz",
      "integrity": "sha1-O73RjtkMX/GjlsSFz2hcPdBiYYM=",
      "dev": true,
      "requires": {
        "esbuild": "^0.12.6"
      },
      "dependencies": {
        "esbuild": {
          "version": "0.12.29",
          "resolved": "http://admin.npm.oppoer.me/esbuild/-/esbuild-0.12.29.tgz",
          "integrity": "sha1-vmAtt8TceJRKnb3g0eoZ02wfiC0=",
          "dev": true
        }
      }
    },
    "@techstark/opencv-js": {
      "version": "4.5.4-release.1",
      "resolved": "http://admin.npm.oppoer.me/@techstark%2fopencv-js/-/opencv-js-4.5.4-release.1.tgz",
      "integrity": "sha1-9yldCJWpGDUKfuqtQCa9696mpFI=",
      "requires": {
        "mirada": "^0.0.15"
      }
    },
    "@tensorflow-models/blazeface": {
      "version": "0.0.7",
      "resolved": "http://admin.npm.oppoer.me/@tensorflow-models%2fblazeface/-/blazeface-0.0.7.tgz",
      "integrity": "sha1-ChZJmgzJf8h+Ea4feBQHMcX2O/I="
    },
    "@tensorflow-models/face-landmarks-detection": {
      "version": "0.0.3",
      "resolved": "http://admin.npm.oppoer.me/@tensorflow-models%2fface-landmarks-detection/-/face-landmarks-detection-0.0.3.tgz",
      "integrity": "sha1-b987SaUHlqzwi36jUPjqWlpF7KE=",
      "requires": {
        "@tensorflow-models/blazeface": "0.0.7",
        "rimraf": "^3.0.2"
      },
      "dependencies": {
        "rimraf": {
          "version": "3.0.2",
          "resolved": "http://admin.npm.oppoer.me/rimraf/-/rimraf-3.0.2.tgz",
          "integrity": "sha1-8aVAK6YiCtUswSgrrBrjqkn9Bho=",
          "requires": {
            "glob": "^7.1.3"
          }
        }
      }
    },
    "@tensorflow/tfjs-backend-cpu": {
      "version": "3.12.0",
      "resolved": "http://admin.npm.oppoer.me/@tensorflow%2ftfjs-backend-cpu/-/tfjs-backend-cpu-3.12.0.tgz",
      "integrity": "sha512-UMf/OHHCzm/+oKXtTDnanlyYFNNKKU5u2hJooKak1JqSOEKChBOPYKmxf9VWmY7Pos4GbbKH/V1pLzfLnLq+Bg==",
      "requires": {
        "@types/seedrandom": "2.4.27",
        "seedrandom": "2.4.3"
      }
    },
    "@tensorflow/tfjs-backend-wasm": {
      "version": "3.12.0",
      "resolved": "HTTP://admin.npm.oppoer.me/@tensorflow%2ftfjs-backend-wasm/-/tfjs-backend-wasm-3.12.0.tgz",
      "integrity": "sha512-H4OmQkebiCpDdWiH5Ob2G+1+jzGNffG2FlkWV5y66RM/wZijYyCKIg4Nm7KCSUrvZPhkhP622QhM2BPvI9U8hA==",
      "requires": {
        "@tensorflow/tfjs-backend-cpu": "3.12.0",
        "@types/emscripten": "~0.0.34"
      }
    },
    "@tensorflow/tfjs-backend-webgl": {
      "version": "3.12.0",
      "resolved": "http://admin.npm.oppoer.me/@tensorflow%2ftfjs-backend-webgl/-/tfjs-backend-webgl-3.12.0.tgz",
      "integrity": "sha512-nFiPS7AiDZ+H4RXpx8dSYPWzy3B1zC/aRKwH9uz9MUp1WiHHbYr90+E0ut9HFrIz0cMb0sR7vGU+zkjSZ1rLsA==",
      "requires": {
        "@tensorflow/tfjs-backend-cpu": "3.12.0",
        "@types/offscreencanvas": "~2019.3.0",
        "@types/seedrandom": "2.4.27",
        "@types/webgl-ext": "0.0.30",
        "@types/webgl2": "0.0.6",
        "seedrandom": "2.4.3"
      }
    },
    "@tensorflow/tfjs-converter": {
      "version": "3.12.0",
      "resolved": "http://admin.npm.oppoer.me/@tensorflow%2ftfjs-converter/-/tfjs-converter-3.12.0.tgz",
      "integrity": "sha512-WO6FreEB83CgFwvcyrzyaWG5WshanfyhTI6rOqSbjY86+MlJprTn4fuY9qbnYk/gDLhxEaUpYgubamY4g4L76g=="
    },
    "@tensorflow/tfjs-core": {
      "version": "3.12.0",
      "resolved": "http://admin.npm.oppoer.me/@tensorflow%2ftfjs-core/-/tfjs-core-3.12.0.tgz",
      "integrity": "sha512-0rXf+aMjfkFLan7qna+L7DjfSZaaRibKgq9XuorjSy9rZcdZLE2IHFTzYR7B8mdlnq2szArKzm+JXqa9grTl7w==",
      "requires": {
        "@types/long": "^4.0.1",
        "@types/offscreencanvas": "~2019.3.0",
        "@types/seedrandom": "2.4.27",
        "@types/webgl-ext": "0.0.30",
        "long": "4.0.0",
        "node-fetch": "~2.6.1",
        "seedrandom": "2.4.3"
      }
    },
    "@types/emscripten": {
      "version": "0.0.34",
      "resolved": "HTTP://admin.npm.oppoer.me/@types%2femscripten/-/emscripten-0.0.34.tgz",
      "integrity": "sha1-ErSjRCdPsQL/L2yHezdYe8PkYAg="
    },
    "@types/long": {
      "version": "4.0.1",
      "resolved": "http://admin.npm.oppoer.me/@types%2flong/-/long-4.0.1.tgz",
      "integrity": "sha1-RZxl+hhn2v5qjzIsTFFpVmPMVek="
    },
    "@types/offscreencanvas": {
      "version": "2019.3.0",
      "resolved": "http://admin.npm.oppoer.me/@types%2foffscreencanvas/-/offscreencanvas-2019.3.0.tgz",
      "integrity": "sha1-MzZCjsfpGAz0Vm3+pdoE61hqZVM="
    },
    "@types/seedrandom": {
      "version": "2.4.27",
      "resolved": "http://admin.npm.oppoer.me/@types%2fseedrandom/-/seedrandom-2.4.27.tgz",
      "integrity": "sha1-nbVjk33YaRX2kJK8QyWdL0hXjkE="
    },
    "@types/three": {
      "version": "0.135.0",
      "resolved": "http://admin.npm.oppoer.me/@types%2fthree/-/three-0.135.0.tgz",
      "integrity": "sha512-l7WLhIHjhHMtlpyTSltPPAKLpiMwgMD1hXHj59AVUpYRoZP7Fd9NNOSRSvZBCPLpTHPYojgQvSJCoza9zoL7bg==",
      "dev": true
    },
    "@types/webgl-ext": {
      "version": "0.0.30",
      "resolved": "http://admin.npm.oppoer.me/@types%2fwebgl-ext/-/webgl-ext-0.0.30.tgz",
      "integrity": "sha1-DOSYwWpBoj0VKJ4LhE2UWyXw+50="
    },
    "@types/webgl2": {
      "version": "0.0.6",
      "resolved": "http://admin.npm.oppoer.me/@types%2fwebgl2/-/webgl2-0.0.6.tgz",
      "integrity": "sha1-HqLbeRNivYUhVI1mTb08UxHN9LY="
    },
    "@vitejs/plugin-vue": {
      "version": "1.10.2",
      "resolved": "http://admin.npm.oppoer.me/@vitejs%2fplugin-vue/-/plugin-vue-1.10.2.tgz",
      "integrity": "sha512-/QJ0Z9qfhAFtKRY+r57ziY4BSbGUTGsPRMpB/Ron3QPwBZM4OZAZHdTa4a8PafCwU5DTatXG8TMDoP8z+oDqJw==",
      "dev": true
    },
    "@vue/compiler-core": {
      "version": "3.2.24",
      "resolved": "http://admin.npm.oppoer.me/@vue%2fcompiler-core/-/compiler-core-3.2.24.tgz",
      "integrity": "sha512-A0SxB2HAggKzP57LDin5gfgWOTwFyGCtQ5MTMNBADnfQYALWnYuC8kMI0DhRSplGTWRvn9Z2DAnG8f35BnojuA==",
      "requires": {
        "@babel/parser": "^7.15.0",
        "@vue/shared": "3.2.24",
        "estree-walker": "^2.0.2",
        "source-map": "^0.6.1"
      }
    },
    "@vue/compiler-dom": {
      "version": "3.2.24",
      "resolved": "http://admin.npm.oppoer.me/@vue%2fcompiler-dom/-/compiler-dom-3.2.24.tgz",
      "integrity": "sha512-KQEm8r0JFsrNNIfbD28pcwMvHpcJcwjVR1XWFcD0yyQ8eREd7IXhT7J6j7iNCSE/TIo78NOvkwbyX+lnIm836w==",
      "requires": {
        "@vue/compiler-core": "3.2.24",
        "@vue/shared": "3.2.24"
      }
    },
    "@vue/compiler-sfc": {
      "version": "3.2.24",
      "resolved": "http://admin.npm.oppoer.me/@vue%2fcompiler-sfc/-/compiler-sfc-3.2.24.tgz",
      "integrity": "sha512-YGPcIvVJp2qTPkuT6kT43Eo1xjstyY4bmuiSV31my4bQMBFVR26ANmifUSt759Blok71gK0WzfIZHbcOKYOeKA==",
      "requires": {
        "@babel/parser": "^7.15.0",
        "@vue/compiler-core": "3.2.24",
        "@vue/compiler-dom": "3.2.24",
        "@vue/compiler-ssr": "3.2.24",
        "@vue/ref-transform": "3.2.24",
        "@vue/shared": "3.2.24",
        "estree-walker": "^2.0.2",
        "magic-string": "^0.25.7",
        "postcss": "^8.1.10",
        "source-map": "^0.6.1"
      }
    },
    "@vue/compiler-ssr": {
      "version": "3.2.24",
      "resolved": "http://admin.npm.oppoer.me/@vue%2fcompiler-ssr/-/compiler-ssr-3.2.24.tgz",
      "integrity": "sha512-E1HHShNsGVWXxs68LDOUuI+Bzak9W/Ier/366aKDBFuwvfwgruwq6abhMfj6pSDZpwZ/PXnfliyl/m7qBSq6gw==",
      "requires": {
        "@vue/compiler-dom": "3.2.24",
        "@vue/shared": "3.2.24"
      }
    },
    "@vue/devtools-api": {
      "version": "6.0.0-beta.20.1",
      "resolved": "http://admin.npm.oppoer.me/@vue%2fdevtools-api/-/devtools-api-6.0.0-beta.20.1.tgz",
      "integrity": "sha1-W0mWR+kpw1uvKmajmVePmqRgEUI="
    },
    "@vue/reactivity": {
      "version": "3.2.24",
      "resolved": "http://admin.npm.oppoer.me/@vue%2freactivity/-/reactivity-3.2.24.tgz",
      "integrity": "sha512-5eVsO9wfQ5erCMSRBjpqLkkI+LglJS7E0oLZJs2gsChpvOjH2Uwt3Hk1nVv0ywStnWg71Ykn3SyQwtnl7PknOQ==",
      "requires": {
        "@vue/shared": "3.2.24"
      }
    },
    "@vue/ref-transform": {
      "version": "3.2.24",
      "resolved": "http://admin.npm.oppoer.me/@vue%2fref-transform/-/ref-transform-3.2.24.tgz",
      "integrity": "sha512-j6oNbsGLvea2rF8GQB9w6q7UFL1So7J+t6ducaMeWPSyjYZ+slWpwPVK6mmyghg5oGqC41R+HC5BV036Y0KhXQ==",
      "requires": {
        "@babel/parser": "^7.15.0",
        "@vue/compiler-core": "3.2.24",
        "@vue/shared": "3.2.24",
        "estree-walker": "^2.0.2",
        "magic-string": "^0.25.7"
      }
    },
    "@vue/runtime-core": {
      "version": "3.2.24",
      "resolved": "http://admin.npm.oppoer.me/@vue%2fruntime-core/-/runtime-core-3.2.24.tgz",
      "integrity": "sha512-ReI06vGgYuW0G8FlOcAOzMklVDJSxKuRhYzT8j+a8BTfs1945kxo1Th28BPvasyYx8J+LMeZ0HqpPH9yGXvWvg==",
      "requires": {
        "@vue/reactivity": "3.2.24",
        "@vue/shared": "3.2.24"
      }
    },
    "@vue/runtime-dom": {
      "version": "3.2.24",
      "resolved": "http://admin.npm.oppoer.me/@vue%2fruntime-dom/-/runtime-dom-3.2.24.tgz",
      "integrity": "sha512-piqsabtIEUKkMGSJlOyKUonZEDtdwOpR6teQ8EKbH8PX9sxfAt9snLnFJldUhhyYrLIyDtnjwajfJ7/XtpD4JA==",
      "requires": {
        "@vue/runtime-core": "3.2.24",
        "@vue/shared": "3.2.24",
        "csstype": "^2.6.8"
      }
    },
    "@vue/server-renderer": {
      "version": "3.2.24",
      "resolved": "http://admin.npm.oppoer.me/@vue%2fserver-renderer/-/server-renderer-3.2.24.tgz",
      "integrity": "sha512-DqiCRDxTbv67Hw5ImiqnLIQbPGtIwWLLfEcVHoEnu1f21EMTB6LfoS69EQddd8VyfN5kfX3Fmz27/hrFPpRaMQ==",
      "requires": {
        "@vue/compiler-ssr": "3.2.24",
        "@vue/shared": "3.2.24"
      }
    },
    "@vue/shared": {
      "version": "3.2.24",
      "resolved": "http://admin.npm.oppoer.me/@vue%2fshared/-/shared-3.2.24.tgz",
      "integrity": "sha512-BUgRiZCkCrqDps5aQ9av05xcge3rn092ztKIh17tHkeEFgP4zfXMQWBA2zfdoCdCEdBL26xtOv+FZYiOp9RUDA=="
    },
    "anymatch": {
      "version": "3.1.2",
      "resolved": "http://admin.npm.oppoer.me/anymatch/-/anymatch-3.1.2.tgz",
      "integrity": "sha1-wFV8CWrzLxBhmPT04qODU343hxY=",
      "dev": true,
      "requires": {
        "normalize-path": "^3.0.0",
        "picomatch": "^2.0.4"
      }
    },
    "balanced-match": {
      "version": "1.0.2",
      "resolved": "http://admin.npm.oppoer.me/balanced-match/-/balanced-match-1.0.2.tgz",
      "integrity": "sha1-6D46fj8wCzTLnYf2FfoMvzV2kO4="
    },
    "base64-js": {
      "version": "1.5.1",
      "resolved": "http://admin.npm.oppoer.me/base64-js/-/base64-js-1.5.1.tgz",
      "integrity": "sha1-GxtEAWClv3rUC2UPCVljSBkDkwo="
    },
    "big-integer": {
      "version": "1.6.51",
      "resolved": "http://admin.npm.oppoer.me/big-integer/-/big-integer-1.6.51.tgz",
      "integrity": "sha1-DfkqXZiAVg0/8tX9ICRciJ0TBoY=",
      "dev": true
    },
    "binary": {
      "version": "0.3.0",
      "resolved": "http://admin.npm.oppoer.me/binary/-/binary-0.3.0.tgz",
      "integrity": "sha1-n2BVO8XOjDOG87VTz/R0Yq3sqnk=",
      "dev": true,
      "requires": {
        "buffers": "~0.1.1",
        "chainsaw": "~0.1.0"
      }
    },
    "binary-extensions": {
      "version": "2.2.0",
      "resolved": "http://admin.npm.oppoer.me/binary-extensions/-/binary-extensions-2.2.0.tgz",
      "integrity": "sha1-dfUC7q+f/eQvyYgpZFvk6na9ni0=",
      "dev": true
    },
    "bluebird": {
      "version": "3.4.7",
      "resolved": "http://admin.npm.oppoer.me/bluebird/-/bluebird-3.4.7.tgz",
      "integrity": "sha1-9y12C+Cbf3bQjtj66Ysomo0F+rM=",
      "dev": true
    },
    "brace-expansion": {
      "version": "1.1.11",
      "resolved": "http://admin.npm.oppoer.me/brace-expansion/-/brace-expansion-1.1.11.tgz",
      "integrity": "sha512-iCuPHDFgrHX7H2vEI/5xpz07zSHB00TpugqhmYtVmMO6518mCuRMoOYFldEBl0g187ufozdaHgWKcYFb61qGiA==",
      "requires": {
        "balanced-match": "^1.0.0",
        "concat-map": "0.0.1"
      }
    },
    "braces": {
      "version": "3.0.2",
      "resolved": "http://admin.npm.oppoer.me/braces/-/braces-3.0.2.tgz",
      "integrity": "sha1-NFThpGLujVmeI23zNs2epPiv4Qc=",
      "dev": true,
      "requires": {
        "fill-range": "^7.0.1"
      }
    },
    "buffer": {
      "version": "5.7.1",
      "resolved": "http://admin.npm.oppoer.me/buffer/-/buffer-5.7.1.tgz",
      "integrity": "sha1-umLnwTEzBTWCGXFghRqPZI6Z7tA=",
      "requires": {
        "base64-js": "^1.3.1",
        "ieee754": "^1.1.13"
      }
    },
    "buffer-indexof-polyfill": {
      "version": "1.0.2",
      "resolved": "http://admin.npm.oppoer.me/buffer-indexof-polyfill/-/buffer-indexof-polyfill-1.0.2.tgz",
      "integrity": "sha1-0nMhNcWZnGSyd/z5savjSYJUcpw=",
      "dev": true
    },
    "buffers": {
      "version": "0.1.1",
      "resolved": "http://admin.npm.oppoer.me/buffers/-/buffers-0.1.1.tgz",
      "integrity": "sha1-skV5w77U1tOWru5tmorn9Ugqt7s=",
      "dev": true
    },
    "chainsaw": {
      "version": "0.1.0",
      "resolved": "http://admin.npm.oppoer.me/chainsaw/-/chainsaw-0.1.0.tgz",
      "integrity": "sha1-XqtQsor+WAdNDVgpE4iCi15fvJg=",
      "dev": true,
      "requires": {
        "traverse": ">=0.3.0 <0.4"
      }
    },
    "chokidar": {
      "version": "3.5.2",
      "resolved": "http://admin.npm.oppoer.me/chokidar/-/chokidar-3.5.2.tgz",
      "integrity": "sha1-26OXb8rbAW9m/TZQIdkWANAcHnU=",
      "dev": true,
      "requires": {
        "anymatch": "~3.1.2",
        "braces": "~3.0.2",
        "fsevents": "~2.3.2",
        "glob-parent": "~5.1.2",
        "is-binary-path": "~2.1.0",
        "is-glob": "~4.0.1",
        "normalize-path": "~3.0.0",
        "readdirp": "~3.6.0"
      }
    },
    "concat-map": {
      "version": "0.0.1",
      "resolved": "http://admin.npm.oppoer.me/concat-map/-/concat-map-0.0.1.tgz",
      "integrity": "sha1-2Klr13/Wjfd5OnMDajug1UBdR3s="
    },
    "core-util-is": {
      "version": "1.0.3",
      "resolved": "http://admin.npm.oppoer.me/core-util-is/-/core-util-is-1.0.3.tgz",
      "integrity": "sha1-pgQtNjTCsn6TKPg3uWX6yDgI24U=",
      "dev": true
    },
    "cross-fetch": {
      "version": "3.1.4",
      "resolved": "http://admin.npm.oppoer.me/cross-fetch/-/cross-fetch-3.1.4.tgz",
      "integrity": "sha1-lyPzo6JHv4uJA586OAqSROj6Lzk=",
      "requires": {
        "node-fetch": "2.6.1"
      }
    },
    "csstype": {
      "version": "2.6.19",
      "resolved": "http://admin.npm.oppoer.me/csstype/-/csstype-2.6.19.tgz",
      "integrity": "sha1-/utarokCC7OJ4fY2aaXtSQ45HKo="
    },
    "duplexer2": {
      "version": "0.1.4",
      "resolved": "http://admin.npm.oppoer.me/duplexer2/-/duplexer2-0.1.4.tgz",
      "integrity": "sha1-ixLauHjA1p4+eJEFFmKjL8a93ME=",
      "dev": true,
      "requires": {
        "readable-stream": "^2.0.2"
      }
    },
    "esbuild": {
      "version": "0.13.15",
      "resolved": "http://admin.npm.oppoer.me/esbuild/-/esbuild-0.13.15.tgz",
      "integrity": "sha1-21aogWbuNz+H27LYeY/0SeBFDN8=",
      "dev": true,
      "requires": {
        "esbuild-android-arm64": "0.13.15",
        "esbuild-darwin-64": "0.13.15",
        "esbuild-darwin-arm64": "0.13.15",
        "esbuild-freebsd-64": "0.13.15",
        "esbuild-freebsd-arm64": "0.13.15",
        "esbuild-linux-32": "0.13.15",
        "esbuild-linux-64": "0.13.15",
        "esbuild-linux-arm": "0.13.15",
        "esbuild-linux-arm64": "0.13.15",
        "esbuild-linux-mips64le": "0.13.15",
        "esbuild-linux-ppc64le": "0.13.15",
        "esbuild-netbsd-64": "0.13.15",
        "esbuild-openbsd-64": "0.13.15",
        "esbuild-sunos-64": "0.13.15",
        "esbuild-windows-32": "0.13.15",
        "esbuild-windows-64": "0.13.15",
        "esbuild-windows-arm64": "0.13.15"
      }
    },
    "esbuild-android-arm64": {
      "version": "0.13.15",
      "resolved": "http://admin.npm.oppoer.me/esbuild-android-arm64/-/esbuild-android-arm64-0.13.15.tgz",
      "integrity": "sha1-P8P/C6t2/jXdI3R2tdKzK7IKPUQ=",
      "dev": true,
      "optional": true
    },
    "esbuild-darwin-64": {
      "version": "0.13.15",
      "resolved": "http://admin.npm.oppoer.me/esbuild-darwin-64/-/esbuild-darwin-64-0.13.15.tgz",
      "integrity": "sha1-jpFpwWuvRE6s7GDQmyTRGyVajnI=",
      "dev": true,
      "optional": true
    },
    "esbuild-darwin-arm64": {
      "version": "0.13.15",
      "resolved": "http://admin.npm.oppoer.me/esbuild-darwin-arm64/-/esbuild-darwin-arm64-0.13.15.tgz",
      "integrity": "sha1-Gwf4k7YyEU+AXhiN38pBsrd4Ipo=",
      "dev": true,
      "optional": true
    },
    "esbuild-freebsd-64": {
      "version": "0.13.15",
      "resolved": "http://admin.npm.oppoer.me/esbuild-freebsd-64/-/esbuild-freebsd-64-0.13.15.tgz",
      "integrity": "sha1-C4t+yhaQyOyUx1aAw4wHJpwfSoU=",
      "dev": true,
      "optional": true
    },
    "esbuild-freebsd-arm64": {
      "version": "0.13.15",
      "resolved": "http://admin.npm.oppoer.me/esbuild-freebsd-arm64/-/esbuild-freebsd-arm64-0.13.15.tgz",
      "integrity": "sha1-LhpsaWv9zSCplXi3Y1C0HbGTTlI=",
      "dev": true,
      "optional": true
    },
    "esbuild-linux-32": {
      "version": "0.13.15",
      "resolved": "http://admin.npm.oppoer.me/esbuild-linux-32/-/esbuild-linux-32-0.13.15.tgz",
      "integrity": "sha1-b9OfNvxm3UW2tfUVcox7vrw0Kmk=",
      "dev": true,
      "optional": true
    },
    "esbuild-linux-64": {
      "version": "0.13.15",
      "resolved": "http://admin.npm.oppoer.me/esbuild-linux-64/-/esbuild-linux-64-0.13.15.tgz",
      "integrity": "sha1-nLjkvNdXTmeUbk7l8fHhI4a7bdM=",
      "dev": true,
      "optional": true
    },
    "esbuild-linux-arm": {
      "version": "0.13.15",
      "resolved": "http://admin.npm.oppoer.me/esbuild-linux-arm/-/esbuild-linux-arm-0.13.15.tgz",
      "integrity": "sha1-igDpnmoMbJprfzNIQTZNiitK7P4=",
      "dev": true,
      "optional": true
    },
    "esbuild-linux-arm64": {
      "version": "0.13.15",
      "resolved": "http://admin.npm.oppoer.me/esbuild-linux-arm64/-/esbuild-linux-arm64-0.13.15.tgz",
      "integrity": "sha1-OJGqNwTsV5obktKlhhIuW2or+6E=",
      "dev": true,
      "optional": true
    },
    "esbuild-linux-mips64le": {
      "version": "0.13.15",
      "resolved": "http://admin.npm.oppoer.me/esbuild-linux-mips64le/-/esbuild-linux-mips64le-0.13.15.tgz",
      "integrity": "sha1-NrB8xHw9IeSNs7sfTZ749Grq1Pc=",
      "dev": true,
      "optional": true
    },
    "esbuild-linux-ppc64le": {
      "version": "0.13.15",
      "resolved": "http://admin.npm.oppoer.me/esbuild-linux-ppc64le/-/esbuild-linux-ppc64le-0.13.15.tgz",
      "integrity": "sha1-9+a7pAuaEeudyuWwFVDqBGcO2tI=",
      "dev": true,
      "optional": true
    },
    "esbuild-netbsd-64": {
      "version": "0.13.15",
      "resolved": "http://admin.npm.oppoer.me/esbuild-netbsd-64/-/esbuild-netbsd-64-0.13.15.tgz",
      "integrity": "sha1-ov7cVJwrYp1YCnMthAcSsI1EADg=",
      "dev": true,
      "optional": true
    },
    "esbuild-openbsd-64": {
      "version": "0.13.15",
      "resolved": "http://admin.npm.oppoer.me/esbuild-openbsd-64/-/esbuild-openbsd-64-0.13.15.tgz",
      "integrity": "sha1-siwOWAbTofvwMlhyA3+IUwawXNc=",
      "dev": true,
      "optional": true
    },
    "esbuild-sunos-64": {
      "version": "0.13.15",
      "resolved": "http://admin.npm.oppoer.me/esbuild-sunos-64/-/esbuild-sunos-64-0.13.15.tgz",
      "integrity": "sha1-0LZFSog3XujTlk2u/1XIXJHHzvQ=",
      "dev": true,
      "optional": true
    },
    "esbuild-windows-32": {
      "version": "0.13.15",
      "resolved": "http://admin.npm.oppoer.me/esbuild-windows-32/-/esbuild-windows-32-0.13.15.tgz",
      "integrity": "sha1-yW0Lm7tS8zAzIlgu+OSEfFrTdac=",
      "dev": true,
      "optional": true
    },
    "esbuild-windows-64": {
      "version": "0.13.15",
      "resolved": "http://admin.npm.oppoer.me/esbuild-windows-64/-/esbuild-windows-64-0.13.15.tgz",
      "integrity": "sha1-H3nLmx4bsC+yXNQUy5DU6iiSwpQ=",
      "dev": true,
      "optional": true
    },
    "esbuild-windows-arm64": {
      "version": "0.13.15",
      "resolved": "http://admin.npm.oppoer.me/esbuild-windows-arm64/-/esbuild-windows-arm64-0.13.15.tgz",
      "integrity": "sha1-SCFzBwgQ3yKnUsaGUJw3DDvjs8M=",
      "dev": true,
      "optional": true
    },
    "estree-walker": {
      "version": "2.0.2",
      "resolved": "http://admin.npm.oppoer.me/estree-walker/-/estree-walker-2.0.2.tgz",
      "integrity": "sha1-UvAQF4wqTBF6d1fP6UKtt9LaTKw="
    },
    "file-type": {
      "version": "12.4.2",
      "resolved": "http://admin.npm.oppoer.me/file-type/-/file-type-12.4.2.tgz",
      "integrity": "sha1-o0TqVmSh0BRH7n+xtjX3L+thadk="
    },
    "fill-range": {
      "version": "7.0.1",
      "resolved": "http://admin.npm.oppoer.me/fill-range/-/fill-range-7.0.1.tgz",
      "integrity": "sha1-GRmmp8df44ssfHflGYU12prN2kA=",
      "dev": true,
      "requires": {
        "to-regex-range": "^5.0.1"
      }
    },
    "fs.realpath": {
      "version": "1.0.0",
      "resolved": "http://admin.npm.oppoer.me/fs.realpath/-/fs.realpath-1.0.0.tgz",
      "integrity": "sha1-FQStJSMVjKpA20onh8sBQRmU6k8="
    },
    "fsevents": {
      "version": "2.3.2",
      "resolved": "http://admin.npm.oppoer.me/fsevents/-/fsevents-2.3.2.tgz",
      "integrity": "sha1-ilJveLj99GI7cJ4Ll1xSwkwC/Ro=",
      "dev": true,
      "optional": true
    },
    "fstream": {
      "version": "1.0.12",
      "resolved": "http://admin.npm.oppoer.me/fstream/-/fstream-1.0.12.tgz",
      "integrity": "sha1-Touo7i1Ivk99DeUFRVVI6uWTIEU=",
      "dev": true,
      "requires": {
        "graceful-fs": "^4.1.2",
        "inherits": "~2.0.0",
        "mkdirp": ">=0.5 0",
        "rimraf": "2"
      }
    },
    "function-bind": {
      "version": "1.1.1",
      "resolved": "http://admin.npm.oppoer.me/function-bind/-/function-bind-1.1.1.tgz",
      "integrity": "sha512-yIovAzMX49sF8Yl58fSCWJ5svSLuaibPxXQJFLmBObTuCr0Mf1KiPopGM9NiFjiYBCbfaa2Fh6breQ6ANVTI0A==",
      "dev": true
    },
    "glob": {
      "version": "7.2.0",
      "resolved": "http://admin.npm.oppoer.me/glob/-/glob-7.2.0.tgz",
      "integrity": "sha1-0VU1r3cy4C6Uj0xBYovZECk/YCM=",
      "requires": {
        "fs.realpath": "^1.0.0",
        "inflight": "^1.0.4",
        "inherits": "2",
        "minimatch": "^3.0.4",
        "once": "^1.3.0",
        "path-is-absolute": "^1.0.0"
      }
    },
    "glob-parent": {
      "version": "5.1.2",
      "resolved": "http://admin.npm.oppoer.me/glob-parent/-/glob-parent-5.1.2.tgz",
      "integrity": "sha1-hpgyxYA0/mikCTwX3BXoNA2EAcQ=",
      "dev": true,
      "requires": {
        "is-glob": "^4.0.1"
      }
    },
    "graceful-fs": {
      "version": "4.2.8",
      "resolved": "http://admin.npm.oppoer.me/graceful-fs/-/graceful-fs-4.2.8.tgz",
      "integrity": "sha1-5BK40z9eAGWTy9PO5t+fLOu+gCo=",
      "dev": true
    },
    "has": {
      "version": "1.0.3",
      "resolved": "http://admin.npm.oppoer.me/has/-/has-1.0.3.tgz",
      "integrity": "sha512-f2dvO0VU6Oej7RkWJGrehjbzMAjFp5/VKPp5tTpWIV4JHHZK1/BxbFRtf/siA2SWTe09caDmVtYYzWEIbBS4zw==",
      "dev": true,
      "requires": {
        "function-bind": "^1.1.1"
      }
    },
    "ieee754": {
      "version": "1.2.1",
      "resolved": "http://admin.npm.oppoer.me/ieee754/-/ieee754-1.2.1.tgz",
      "integrity": "sha1-jrehCmP/8l0VpXsAFYbRd9Gw01I="
    },
    "immutable": {
      "version": "4.0.0",
      "resolved": "http://admin.npm.oppoer.me/immutable/-/immutable-4.0.0.tgz",
      "integrity": "sha1-uG943mre82CDle+yaakUYnl+LCM=",
      "dev": true
    },
    "inflight": {
      "version": "1.0.6",
      "resolved": "http://admin.npm.oppoer.me/inflight/-/inflight-1.0.6.tgz",
      "integrity": "sha1-Sb1jMdfQLQwJvJEKEHW6gWW1bfk=",
      "requires": {
        "once": "^1.3.0",
        "wrappy": "1"
      }
    },
    "inherits": {
      "version": "2.0.4",
      "resolved": "http://admin.npm.oppoer.me/inherits/-/inherits-2.0.4.tgz",
      "integrity": "sha1-D6LGT5MpF8NDOg3tVTY6rjdBa3w="
    },
    "is-binary-path": {
      "version": "2.1.0",
      "resolved": "http://admin.npm.oppoer.me/is-binary-path/-/is-binary-path-2.1.0.tgz",
      "integrity": "sha1-6h9/O4DwZCNug0cPhsCcJU+0Wwk=",
      "dev": true,
      "requires": {
        "binary-extensions": "^2.0.0"
      }
    },
    "is-core-module": {
      "version": "2.8.0",
      "resolved": "http://admin.npm.oppoer.me/is-core-module/-/is-core-module-2.8.0.tgz",
      "integrity": "sha1-AyEzbD0JJeSX/Zf12VyxFKXM1Ug=",
      "dev": true,
      "requires": {
        "has": "^1.0.3"
      }
    },
    "is-extglob": {
      "version": "2.1.1",
      "resolved": "http://admin.npm.oppoer.me/is-extglob/-/is-extglob-2.1.1.tgz",
      "integrity": "sha1-qIwCU1eR8C7TfHahueqXc8gz+MI=",
      "dev": true
    },
    "is-glob": {
      "version": "4.0.3",
      "resolved": "http://admin.npm.oppoer.me/is-glob/-/is-glob-4.0.3.tgz",
      "integrity": "sha1-ZPYeQsu7LuwgcanawLKLoeZdUIQ=",
      "dev": true,
      "requires": {
        "is-extglob": "^2.1.1"
      }
    },
    "is-number": {
      "version": "7.0.0",
      "resolved": "http://admin.npm.oppoer.me/is-number/-/is-number-7.0.0.tgz",
      "integrity": "sha512-41Cifkg6e8TylSpdtTpeLVMqvSBEVzTttHvERD741+pnZ8ANv0004MRL43QKPDlK9cGvNp6NZWZUBlbGXYxxng==",
      "dev": true
    },
    "isarray": {
      "version": "1.0.0",
      "resolved": "http://admin.npm.oppoer.me/isarray/-/isarray-1.0.0.tgz",
      "integrity": "sha1-u5NdSFgsuhaMBoNJV6VKPgcSTxE=",
      "dev": true
    },
    "listenercount": {
      "version": "1.0.1",
      "resolved": "http://admin.npm.oppoer.me/listenercount/-/listenercount-1.0.1.tgz",
      "integrity": "sha1-hMinKrWcRyUyFIDJdeZQg0LnCTc=",
      "dev": true
    },
    "long": {
      "version": "4.0.0",
      "resolved": "http://admin.npm.oppoer.me/long/-/long-4.0.0.tgz",
      "integrity": "sha512-XsP+KhQif4bjX1kbuSiySJFNAehNxgLb6hPRGJ9QsUr8ajHkuXGdrHmFUTUUXhDwVX2R5bY4JNZEwbUiMhV+MA=="
    },
    "magic-string": {
      "version": "0.25.7",
      "resolved": "http://admin.npm.oppoer.me/magic-string/-/magic-string-0.25.7.tgz",
      "integrity": "sha1-P0l9b9NMZpxnmNy4IfLvMfVEUFE=",
      "requires": {
        "sourcemap-codec": "^1.4.4"
      }
    },
    "minimatch": {
      "version": "3.0.4",
      "resolved": "http://admin.npm.oppoer.me/minimatch/-/minimatch-3.0.4.tgz",
      "integrity": "sha512-yJHVQEhyqPLUTgt9B83PXu6W3rx4MvvHvSUvToogpwoGDOUQ+yDrR0HRot+yOCdCO7u4hX3pWft6kWBBcqh0UA==",
      "requires": {
        "brace-expansion": "^1.1.7"
      }
    },
    "minimist": {
      "version": "1.2.5",
      "resolved": "http://admin.npm.oppoer.me/minimist/-/minimist-1.2.5.tgz",
      "integrity": "sha1-Z9ZgFLZqaoqqDAg8X9WN9OTpdgI=",
      "dev": true
    },
    "mirada": {
      "version": "0.0.15",
      "resolved": "http://admin.npm.oppoer.me/mirada/-/mirada-0.0.15.tgz",
      "integrity": "sha1-9emLxdbsf6/eHOsnlHFHeAiE7go=",
      "requires": {
        "buffer": "^5.4.3",
        "cross-fetch": "^3.0.4",
        "file-type": "^12.3.0",
        "misc-utils-of-mine-generic": "^0.2.31"
      }
    },
    "misc-utils-of-mine-generic": {
      "version": "0.2.39",
      "resolved": "http://admin.npm.oppoer.me/misc-utils-of-mine-generic/-/misc-utils-of-mine-generic-0.2.39.tgz",
      "integrity": "sha512-KxSWuPUsZzeVN/9KXOBMjjUYfoOTvAAhtRWXiXwaolfflWMHDKr5pNmO/r+2YswuAd4Y41aCk0truEYNT353kg=="
    },
    "mkdirp": {
      "version": "0.5.5",
      "resolved": "http://admin.npm.oppoer.me/mkdirp/-/mkdirp-0.5.5.tgz",
      "integrity": "sha1-2Rzv1i0UNsoPQWIOJRKI1CAJne8=",
      "dev": true,
      "requires": {
        "minimist": "^1.2.5"
      }
    },
    "nanoid": {
      "version": "3.1.30",
      "resolved": "http://admin.npm.oppoer.me/nanoid/-/nanoid-3.1.30.tgz",
      "integrity": "sha1-Y/k8xUjSoRPcXfvGO/oJ4rm2Q2I="
    },
    "node-fetch": {
      "version": "2.6.1",
      "resolved": "http://admin.npm.oppoer.me/node-fetch/-/node-fetch-2.6.1.tgz",
      "integrity": "sha1-BFvTI2Mfdu0uK1VXM5RBa2OaAFI="
    },
    "normalize-path": {
      "version": "3.0.0",
      "resolved": "http://admin.npm.oppoer.me/normalize-path/-/normalize-path-3.0.0.tgz",
      "integrity": "sha512-6eZs5Ls3WtCisHWp9S2GUy8dqkpGi4BVSz3GaqiE6ezub0512ESztXUwUB6C6IKbQkY2Pnb/mD4WYojCRwcwLA==",
      "dev": true
    },
    "once": {
      "version": "1.4.0",
      "resolved": "http://admin.npm.oppoer.me/once/-/once-1.4.0.tgz",
      "integrity": "sha1-WDsap3WWHUsROsF9nFC6753Xa9E=",
      "requires": {
        "wrappy": "1"
      }
    },
    "path-is-absolute": {
      "version": "1.0.1",
      "resolved": "http://admin.npm.oppoer.me/path-is-absolute/-/path-is-absolute-1.0.1.tgz",
      "integrity": "sha1-F0uSaHNVNP+8es5r9TpanhtcX18="
    },
    "path-parse": {
      "version": "1.0.7",
      "resolved": "http://admin.npm.oppoer.me/path-parse/-/path-parse-1.0.7.tgz",
      "integrity": "sha1-+8EUtgykKzDZ2vWFjkvWi77bZzU=",
      "dev": true
    },
    "picocolors": {
      "version": "1.0.0",
      "resolved": "http://admin.npm.oppoer.me/picocolors/-/picocolors-1.0.0.tgz",
      "integrity": "sha1-y1vcdP8/UYkiNur3nWi8RFZKuBw="
    },
    "picomatch": {
      "version": "2.3.0",
      "resolved": "http://admin.npm.oppoer.me/picomatch/-/picomatch-2.3.0.tgz",
      "integrity": "sha1-8fBh3o9qS/AiiS4tEoI0+5gwKXI=",
      "dev": true
    },
    "postcss": {
      "version": "8.4.4",
      "resolved": "http://admin.npm.oppoer.me/postcss/-/postcss-8.4.4.tgz",
      "integrity": "sha512-joU6fBsN6EIer28Lj6GDFoC/5yOZzLCfn0zHAn/MYXI7aPt4m4hK5KC5ovEZXy+lnCjmYIbQWngvju2ddyEr8Q==",
      "requires": {
        "nanoid": "^3.1.30",
        "picocolors": "^1.0.0",
        "source-map-js": "^1.0.1"
      }
    },
    "process-nextick-args": {
      "version": "2.0.1",
      "resolved": "http://admin.npm.oppoer.me/process-nextick-args/-/process-nextick-args-2.0.1.tgz",
      "integrity": "sha1-eCDZsWEgzFXKmud5JoCufbptf+I=",
      "dev": true
    },
    "readable-stream": {
      "version": "2.3.7",
      "resolved": "http://admin.npm.oppoer.me/readable-stream/-/readable-stream-2.3.7.tgz",
      "integrity": "sha1-Hsoc9xGu+BTAT2IlKjamL2yyO1c=",
      "dev": true,
      "requires": {
        "core-util-is": "~1.0.0",
        "inherits": "~2.0.3",
        "isarray": "~1.0.0",
        "process-nextick-args": "~2.0.0",
        "safe-buffer": "~5.1.1",
        "string_decoder": "~1.1.1",
        "util-deprecate": "~1.0.1"
      }
    },
    "readdirp": {
      "version": "3.6.0",
      "resolved": "http://admin.npm.oppoer.me/readdirp/-/readdirp-3.6.0.tgz",
      "integrity": "sha1-dKNwvYVxFuJFspzJc0DNQxoCpsc=",
      "dev": true,
      "requires": {
        "picomatch": "^2.2.1"
      }
    },
    "resolve": {
      "version": "1.20.0",
      "resolved": "http://admin.npm.oppoer.me/resolve/-/resolve-1.20.0.tgz",
      "integrity": "sha1-YpoBP7P3B1XW8LeTXMHCxTeLGXU=",
      "dev": true,
      "requires": {
        "is-core-module": "^2.2.0",
        "path-parse": "^1.0.6"
      }
    },
    "rimraf": {
      "version": "2.7.1",
      "resolved": "http://admin.npm.oppoer.me/rimraf/-/rimraf-2.7.1.tgz",
      "integrity": "sha1-NXl/E6f9rcVmFCwp1PB8ytSD4+w=",
      "dev": true,
      "requires": {
        "glob": "^7.1.3"
      }
    },
    "rollup": {
      "version": "2.60.2",
      "resolved": "http://admin.npm.oppoer.me/rollup/-/rollup-2.60.2.tgz",
      "integrity": "sha512-1Bgjpq61sPjgoZzuiDSGvbI1tD91giZABgjCQBKM5aYLnzjq52GoDuWVwT/cm/MCxCMPU8gqQvkj8doQ5C8Oqw==",
      "dev": true,
      "requires": {
        "fsevents": "~2.3.2"
      }
    },
    "safe-buffer": {
      "version": "5.1.2",
      "resolved": "http://admin.npm.oppoer.me/safe-buffer/-/safe-buffer-5.1.2.tgz",
      "integrity": "sha512-Gd2UZBJDkXlY7GbJxfsE8/nvKkUEU1G38c1siN6QP6a9PT9MmHB8GnpscSmMJSoF8LOIrt8ud/wPtojys4G6+g==",
      "dev": true
    },
    "sass": {
      "version": "1.44.0",
      "resolved": "http://admin.npm.oppoer.me/sass/-/sass-1.44.0.tgz",
      "integrity": "sha512-0hLREbHFXGQqls/K8X+koeP+ogFRPF4ZqetVB19b7Cst9Er8cOR0rc6RU7MaI4W1JmUShd1BPgPoeqmmgMMYFw==",
      "dev": true,
      "requires": {
        "chokidar": ">=3.0.0 <4.0.0",
        "immutable": "^4.0.0"
      }
    },
    "seedrandom": {
      "version": "2.4.3",
      "resolved": "http://admin.npm.oppoer.me/seedrandom/-/seedrandom-2.4.3.tgz",
      "integrity": "sha1-JDhQTa0zkXMUv/GKxNeU8W1qrsw="
    },
    "setimmediate": {
      "version": "1.0.5",
      "resolved": "http://admin.npm.oppoer.me/setimmediate/-/setimmediate-1.0.5.tgz",
      "integrity": "sha1-KQy7Iy4waULX1+qbg3Mqt4VvgoU=",
      "dev": true
    },
    "source-map": {
      "version": "0.6.1",
      "resolved": "http://admin.npm.oppoer.me/source-map/-/source-map-0.6.1.tgz",
      "integrity": "sha512-UjgapumWlbMhkBgzT7Ykc5YXUT46F0iKu8SGXq0bcwP5dz/h0Plj6enJqjz1Zbq2l5WaqYnrVbwWOWMyF3F47g=="
    },
    "source-map-js": {
      "version": "1.0.1",
      "resolved": "http://admin.npm.oppoer.me/source-map-js/-/source-map-js-1.0.1.tgz",
      "integrity": "sha1-oXQcEx48d9BIJSrfok4juQhnDK8="
    },
    "sourcemap-codec": {
      "version": "1.4.8",
      "resolved": "http://admin.npm.oppoer.me/sourcemap-codec/-/sourcemap-codec-1.4.8.tgz",
      "integrity": "sha1-6oBL2UhXQC5pktBaOO8a41qatMQ="
    },
    "string_decoder": {
      "version": "1.1.1",
      "resolved": "http://admin.npm.oppoer.me/string_decoder/-/string_decoder-1.1.1.tgz",
      "integrity": "sha512-n/ShnvDi6FHbbVfviro+WojiFzv+s8MPMHBczVePfUpDJLwoLT0ht1l4YwBCbi8pJAveEEdnkHyPyTP/mzRfwg==",
      "dev": true,
      "requires": {
        "safe-buffer": "~5.1.0"
      }
    },
    "three": {
      "version": "0.135.0",
      "resolved": "http://admin.npm.oppoer.me/three/-/three-0.135.0.tgz",
      "integrity": "sha512-kuEpuuxRzLv0MDsXai9huCxOSQPZ4vje6y0gn80SRmQvgz6/+rI0NAvCRAw56zYaWKMGMfqKWsxF9Qa2Z9xymQ=="
    },
    "to-regex-range": {
      "version": "5.0.1",
      "resolved": "http://admin.npm.oppoer.me/to-regex-range/-/to-regex-range-5.0.1.tgz",
      "integrity": "sha1-FkjESq58jZiKMmAY7XL1tN0DkuQ=",
      "dev": true,
      "requires": {
        "is-number": "^7.0.0"
      }
    },
    "traverse": {
      "version": "0.3.9",
      "resolved": "http://admin.npm.oppoer.me/traverse/-/traverse-0.3.9.tgz",
      "integrity": "sha1-cXuPIgzAu3tE5AUUwisui7xw2Lk=",
      "dev": true
    },
    "typescript": {
      "version": "4.5.2",
      "resolved": "http://admin.npm.oppoer.me/typescript/-/typescript-4.5.2.tgz",
      "integrity": "sha1-isH7qfUiVv2wb7ieQSL6ajRsKZg=",
      "dev": true
    },
    "unzipper": {
      "version": "0.10.11",
      "resolved": "http://admin.npm.oppoer.me/unzipper/-/unzipper-0.10.11.tgz",
      "integrity": "sha1-C0mRRGRyy9uS7nQDkJ8mwkGceC4=",
      "dev": true,
      "requires": {
        "big-integer": "^1.6.17",
        "binary": "~0.3.0",
        "bluebird": "~3.4.1",
        "buffer-indexof-polyfill": "~1.0.0",
        "duplexer2": "~0.1.4",
        "fstream": "^1.0.12",
        "graceful-fs": "^4.2.2",
        "listenercount": "~1.0.1",
        "readable-stream": "~2.3.6",
        "setimmediate": "~1.0.4"
      }
    },
    "util-deprecate": {
      "version": "1.0.2",
      "resolved": "http://admin.npm.oppoer.me/util-deprecate/-/util-deprecate-1.0.2.tgz",
      "integrity": "sha1-RQ1Nyfpw3nMnYvvS1KKJgUGaDM8=",
      "dev": true
    },
    "vite": {
      "version": "2.7.0",
      "resolved": "http://admin.npm.oppoer.me/vite/-/vite-2.7.0.tgz",
      "integrity": "sha512-ZM629j9n6f1Gcr2KsfpLhJ0FRkift4SsTLSvExmNpGJYzyi1JyLOFybz85ShqFP5f4oCfJSblWAma9X8lZg/vA==",
      "dev": true,
      "requires": {
        "esbuild": "^0.13.12",
        "fsevents": "~2.3.2",
        "postcss": "^8.3.11",
        "resolve": "^1.20.0",
        "rollup": "^2.59.0"
      }
    },
    "vue": {
      "version": "3.2.24",
      "resolved": "http://admin.npm.oppoer.me/vue/-/vue-3.2.24.tgz",
      "integrity": "sha512-PvCklXNfcUMyeP/a9nME27C32IipwUDoS45rDyKn5+RQrWyjL+0JAJtf98HL6y9bfqQRTlYjSowWEB1nXxvG5Q==",
      "requires": {
        "@vue/compiler-dom": "3.2.24",
        "@vue/compiler-sfc": "3.2.24",
        "@vue/runtime-dom": "3.2.24",
        "@vue/server-renderer": "3.2.24",
        "@vue/shared": "3.2.24"
      }
    },
    "vue-router": {
      "version": "4.0.12",
      "resolved": "http://admin.npm.oppoer.me/vue-router/-/vue-router-4.0.12.tgz",
      "integrity": "sha1-jceSzd9bsavMOQj5BkE23n4TxGA=",
      "requires": {
        "@vue/devtools-api": "^6.0.0-beta.18"
      }
    },
    "vue-tsc": {
      "version": "0.0.24",
      "resolved": "http://admin.npm.oppoer.me/vue-tsc/-/vue-tsc-0.0.24.tgz",
      "integrity": "sha1-DNkNtnn1PqFpQlS4Zj/bPWJKCHI=",
      "dev": true,
      "requires": {
        "unzipper": "0.10.11"
      }
    },
    "wrappy": {
      "version": "1.0.2",
      "resolved": "http://admin.npm.oppoer.me/wrappy/-/wrappy-1.0.2.tgz",
      "integrity": "sha1-tSQ9jz7BqjXxNkYFvA0QNuMKtp8="
    }
  }
}
